
Microsoft Visual Studio Solution File, Format Version 12.00
# Visual Studio Version 16
VisualStudioVersion = 16.0.33130.400
MinimumVisualStudioVersion = 10.0.40219.1
Project("{9A19103F-16F7-4668-BE54-9A1E7A4F7556}") = "LifeSpot", "LifeSpot\LifeSpot.csproj", "{EB3157F0-43E0-46C7-9771-F7B93A68A836}"
EndProject
Project("{2150E333-8FDC-42A3-9474-1A3956D46DE8}") = "src", "src", "{8C45A52A-734F-4072-98F0-CA70A02261AC}"
EndProject
Project("{2150E333-8FDC-42A3-9474-1A3956D46DE8}") = "Solution Items", "Solution Items", "{FAC94439-84FF-42CE-A216-B4884E414B1C}"
	ProjectSection(SolutionItems) = preProject
		.gitignore = .gitignore
	EndProjectSection
EndProject
Project("{FAE04EC0-301F-11D3-BF4B-00C04F79EFBC}") = "SimulatorCSS", "SimulatorCSS\SimulatorCSS.csproj", "{FE1BDD93-1921-448E-B6FB-C53FF3527DAB}"
EndProject
Global
	GlobalSection(SolutionConfigurationPlatforms) = preSolution
		Debug|Any CPU = Debug|Any CPU
		Release|Any CPU = Release|Any CPU
	EndGlobalSection
	GlobalSection(ProjectConfigurationPlatforms) = postSolution
		{EB3157F0-43E0-46C7-9771-F7B93A68A836}.Debug|Any CPU.ActiveCfg = Debug|Any CPU
		{EB3157F0-43E0-46C7-9771-F7B93A68A836}.Debug|Any CPU.Build.0 = Debug|Any CPU
		{EB3157F0-43E0-46C7-9771-F7B93A68A836}.Release|Any CPU.ActiveCfg = Release|Any CPU
		{EB3157F0-43E0-46C7-9771-F7B93A68A836}.Release|Any CPU.Build.0 = Release|Any CPU
		{FE1BDD93-1921-448E-B6FB-C53FF3527DAB}.Debug|Any CPU.ActiveCfg = Debug|Any CPU
		{FE1BDD93-1921-448E-B6FB-C53FF3527DAB}.Debug|Any CPU.Build.0 = Debug|Any CPU
		{FE1BDD93-1921-448E-B6FB-C53FF3527DAB}.Release|Any CPU.ActiveCfg = Release|Any CPU
		{FE1BDD93-1921-448E-B6FB-C53FF3527DAB}.Release|Any CPU.Build.0 = Release|Any CPU
	EndGlobalSection
	GlobalSection(SolutionProperties) = preSolution
		HideSolutionNode = FALSE
	EndGlobalSection
	GlobalSection(NestedProjects) = preSolution
		{EB3157F0-43E0-46C7-9771-F7B93A68A836} = {8C45A52A-734F-4072-98F0-CA70A02261AC}
		{FE1BDD93-1921-448E-B6FB-C53FF3527DAB} = {8C45A52A-734F-4072-98F0-CA70A02261AC}
	EndGlobalSection
	GlobalSection(ExtensibilityGlobals) = postSolution
		SolutionGuid = {FFD2764C-63E1-4884-958C-03D1607206BA}
	EndGlobalSection
EndGlobal
